# This file was autogenerated by Stack.
# You should not edit this file by hand.
# For more information, please see the documentation at:
#   https://docs.haskellstack.org/en/stable/lock_files

packages:
- completed:
    hackage: cmark-0.6@sha256:9b87382da228d729a0ac42489a02eab52ffff628f29a12436a34715a6b409d12,3792
    pantry-tree:
      size: 2758
      sha256: e8de9f508cdd4aae2084018ae4cdbab32d2d0a9c07a189505ce364de2e4b925c
  original:
    hackage: cmark-0.6
snapshots:
- completed:
    size: 531696
    url: https://raw.githubusercontent.com/commercialhaskell/stackage-snapshots/master/lts/16/3.yaml
    sha256: 65e3a94c65ad07fa1913649e3f1e36c4af51bf528a5d9fd217bdc1b46d0477cc
  original: lts-16.3
